
Microsoft Visual Studio Solution File, Format Version 12.00
# Visual Studio Version 17
VisualStudioVersion = 17.0.31825.309
MinimumVisualStudioVersion = 10.0.40219.1
Project("{FAE04EC0-301F-11D3-BF4B-00C04F79EFBC}") = "Namespaces", "Namespaces\Namespaces.csproj", "{F71B1F64-A373-4A08-A9B0-6293577927E6}"
EndProject
Project("{FAE04EC0-301F-11D3-BF4B-00C04F79EFBC}") = "MyLib", "MyLib\MyLib.csproj", "{59C6322D-A8DF-4EB0-B79A-652C9026F916}"
EndProject
Global
	GlobalSection(SolutionConfigurationPlatforms) = preSolution
		Debug|Any CPU = Debug|Any CPU
		Release|Any CPU = Release|Any CPU
	EndGlobalSection
	GlobalSection(ProjectConfigurationPlatforms) = postSolution
		{F71B1F64-A373-4A08-A9B0-6293577927E6}.Debug|Any CPU.ActiveCfg = Debug|Any CPU
		{F71B1F64-A373-4A08-A9B0-6293577927E6}.Debug|Any CPU.Build.0 = Debug|Any CPU
		{F71B1F64-A373-4A08-A9B0-6293577927E6}.Release|Any CPU.ActiveCfg = Release|Any CPU
		{F71B1F64-A373-4A08-A9B0-6293577927E6}.Release|Any CPU.Build.0 = Release|Any CPU
		{59C6322D-A8DF-4EB0-B79A-652C9026F916}.Debug|Any CPU.ActiveCfg = Debug|Any CPU
		{59C6322D-A8DF-4EB0-B79A-652C9026F916}.Debug|Any CPU.Build.0 = Debug|Any CPU
		{59C6322D-A8DF-4EB0-B79A-652C9026F916}.Release|Any CPU.ActiveCfg = Release|Any CPU
		{59C6322D-A8DF-4EB0-B79A-652C9026F916}.Release|Any CPU.Build.0 = Release|Any CPU
	EndGlobalSection
	GlobalSection(SolutionProperties) = preSolution
		HideSolutionNode = FALSE
	EndGlobalSection
	GlobalSection(ExtensibilityGlobals) = postSolution
		SolutionGuid = {F8E7AFF1-7B9E-4F85-AB7A-5C48B9247949}
	EndGlobalSection
EndGlobal
